// !$*UTF8*$!
{
	archiveVersion = 1;
	classes = {
	};
	objectVersion = 77;
	objects = {

/* Begin PBXBuildFile section */
		E47C59FA2CF9F074006549FC /* Preview Assets.xcassets in Resources */ = {isa = PBXBuildFile; fileRef = E47C59F42CF9F074006549FC /* Preview Assets.xcassets */; };
		E47C59FB2CF9F074006549FC /* Assets.xcassets in Resources */ = {isa = PBXBuildFile; fileRef = E47C59F62CF9F074006549FC /* Assets.xcassets */; };
		E47C59FD2CF9F074006549FC /* TravellerApp.swift in Sources */ = {isa = PBXBuildFile; fileRef = E47C59F82CF9F074006549FC /* TravellerApp.swift */; };
		E47C59FF2CF9F094006549FC /* LandingPage.swift in Sources */ = {isa = PBXBuildFile; fileRef = E47C59FE2CF9F094006549FC /* LandingPage.swift */; };
		E47C5A012CF9F0B7006549FC /* User.swift in Sources */ = {isa = PBXBuildFile; fileRef = E47C5A002CF9F0B7006549FC /* User.swift */; };
		E47C5A052CF9F145006549FC /* MainPage.swift in Sources */ = {isa = PBXBuildFile; fileRef = E47C5A042CF9F145006549FC /* MainPage.swift */; };
		E47C5A072CF9F153006549FC /* LoginPage.swift in Sources */ = {isa = PBXBuildFile; fileRef = E47C5A062CF9F153006549FC /* LoginPage.swift */; };
		E4A5E65A2CFAD4F3006F7AC8 /* LocationRepository.swift in Sources */ = {isa = PBXBuildFile; fileRef = E4A5E6592CFAD4F3006F7AC8 /* LocationRepository.swift */; };
		E4A5E65D2CFAD536006F7AC8 /* LocationService.swift in Sources */ = {isa = PBXBuildFile; fileRef = E4A5E65C2CFAD536006F7AC8 /* LocationService.swift */; };
/* End PBXBuildFile section */

/* Begin PBXFileReference section */
		E47C59E32CF9EFA3006549FC /* Traveller.app */ = {isa = PBXFileReference; explicitFileType = wrapper.application; includeInIndex = 0; path = Traveller.app; sourceTree = BUILT_PRODUCTS_DIR; };
		E47C59F42CF9F074006549FC /* Preview Assets.xcassets */ = {isa = PBXFileReference; lastKnownFileType = folder.assetcatalog; path = "Preview Assets.xcassets"; sourceTree = "<group>"; };
		E47C59F62CF9F074006549FC /* Assets.xcassets */ = {isa = PBXFileReference; lastKnownFileType = folder.assetcatalog; path = Assets.xcassets; sourceTree = "<group>"; };
		E47C59F82CF9F074006549FC /* TravellerApp.swift */ = {isa = PBXFileReference; lastKnownFileType = sourcecode.swift; path = TravellerApp.swift; sourceTree = "<group>"; };
		E47C59FE2CF9F094006549FC /* LandingPage.swift */ = {isa = PBXFileReference; lastKnownFileType = sourcecode.swift; path = LandingPage.swift; sourceTree = "<group>"; };
		E47C5A002CF9F0B7006549FC /* User.swift */ = {isa = PBXFileReference; lastKnownFileType = sourcecode.swift; path = User.swift; sourceTree = "<group>"; };
		E47C5A042CF9F145006549FC /* MainPage.swift */ = {isa = PBXFileReference; lastKnownFileType = sourcecode.swift; path = MainPage.swift; sourceTree = "<group>"; };
		E47C5A062CF9F153006549FC /* LoginPage.swift */ = {isa = PBXFileReference; lastKnownFileType = sourcecode.swift; path = LoginPage.swift; sourceTree = "<group>"; };
		E4A5E6592CFAD4F3006F7AC8 /* LocationRepository.swift */ = {isa = PBXFileReference; lastKnownFileType = sourcecode.swift; path = LocationRepository.swift; sourceTree = "<group>"; };
		E4A5E65C2CFAD536006F7AC8 /* LocationService.swift */ = {isa = PBXFileReference; lastKnownFileType = sourcecode.swift; path = LocationService.swift; sourceTree = "<group>"; };
		E4A5E65F2CFAD5C9006F7AC8 /* Info.plist */ = {isa = PBXFileReference; lastKnownFileType = text.plist; path = Info.plist; sourceTree = "<group>"; };
/* End PBXFileReference section */

/* Begin PBXFrameworksBuildPhase section */
		E47C59E02CF9EFA3006549FC /* Frameworks */ = {
			isa = PBXFrameworksBuildPhase;
			buildActionMask = 2147483647;
			files = (
			);
			runOnlyForDeploymentPostprocessing = 0;
		};
/* End PBXFrameworksBuildPhase section */

/* Begin PBXGroup section */
		E47C59DA2CF9EFA3006549FC = {
			isa = PBXGroup;
			children = (
				E47C59F92CF9F074006549FC /* Traveller */,
				E47C59E42CF9EFA3006549FC /* Products */,
			);
			sourceTree = "<group>";
		};
		E47C59E42CF9EFA3006549FC /* Products */ = {
			isa = PBXGroup;
			children = (
				E47C59E32CF9EFA3006549FC /* Traveller.app */,
			);
			name = Products;
			sourceTree = "<group>";
		};
		E47C59F52CF9F074006549FC /* Preview Content */ = {
			isa = PBXGroup;
			children = (
				E47C59F42CF9F074006549FC /* Preview Assets.xcassets */,
			);
			path = "Preview Content";
			sourceTree = "<group>";
		};
		E47C59F92CF9F074006549FC /* Traveller */ = {
			isa = PBXGroup;
			children = (
				E4A5E65F2CFAD5C9006F7AC8 /* Info.plist */,
				E47C59F52CF9F074006549FC /* Preview Content */,
				E47C59F62CF9F074006549FC /* Assets.xcassets */,
				E47C59F82CF9F074006549FC /* TravellerApp.swift */,
				E47C59FE2CF9F094006549FC /* LandingPage.swift */,
				E47C5A032CF9F0D5006549FC /* Environment */,
				E4A5E65B2CFAD4F9006F7AC8 /* Repository */,
				E4A5E65E2CFAD542006F7AC8 /* Service */,
				E47C5A082CFA0FBD006549FC /* Pages */,
			);
			path = Traveller;
			sourceTree = "<group>";
		};
		E47C5A032CF9F0D5006549FC /* Environment */ = {
			isa = PBXGroup;
			children = (
				E47C5A002CF9F0B7006549FC /* User.swift */,
			);
			path = Environment;
			sourceTree = "<group>";
		};
		E47C5A082CFA0FBD006549FC /* Pages */ = {
			isa = PBXGroup;
			children = (
				E47C5A042CF9F145006549FC /* MainPage.swift */,
				E47C5A062CF9F153006549FC /* LoginPage.swift */,
			);
			path = Pages;
			sourceTree = "<group>";
		};
		E4A5E65B2CFAD4F9006F7AC8 /* Repository */ = {
			isa = PBXGroup;
			children = (
				E4A5E6592CFAD4F3006F7AC8 /* LocationRepository.swift */,
			);
			path = Repository;
			sourceTree = "<group>";
		};
		E4A5E65E2CFAD542006F7AC8 /* Service */ = {
			isa = PBXGroup;
			children = (
				E4A5E65C2CFAD536006F7AC8 /* LocationService.swift */,
			);
			path = Service;
			sourceTree = "<group>";
		};
/* End PBXGroup section */

/* Begin PBXNativeTarget section */
		E47C59E22CF9EFA3006549FC /* Traveller */ = {
			isa = PBXNativeTarget;
			buildConfigurationList = E47C59F12CF9EFA4006549FC /* Build configuration list for PBXNativeTarget "Traveller" */;
			buildPhases = (
				E47C59DF2CF9EFA3006549FC /* Sources */,
				E47C59E02CF9EFA3006549FC /* Frameworks */,
				E47C59E12CF9EFA3006549FC /* Resources */,
			);
			buildRules = (
			);
			dependencies = (
			);
			name = Traveller;
			packageProductDependencies = (
			);
			productName = Traveller;
			productReference = E47C59E32CF9EFA3006549FC /* Traveller.app */;
			productType = "com.apple.product-type.application";
		};
/* End PBXNativeTarget section */

/* Begin PBXProject section */
		E47C59DB2CF9EFA3006549FC /* Project object */ = {
			isa = PBXProject;
			attributes = {
				BuildIndependentTargetsInParallel = 1;
				LastSwiftUpdateCheck = 1610;
				LastUpgradeCheck = 1610;
				TargetAttributes = {
					E47C59E22CF9EFA3006549FC = {
						CreatedOnToolsVersion = 16.1;
					};
				};
			};
			buildConfigurationList = E47C59DE2CF9EFA3006549FC /* Build configuration list for PBXProject "Traveller" */;
			developmentRegion = en;
			hasScannedForEncodings = 0;
			knownRegions = (
				en,
				Base,
			);
			mainGroup = E47C59DA2CF9EFA3006549FC;
			minimizedProjectReferenceProxies = 1;
			preferredProjectObjectVersion = 77;
			productRefGroup = E47C59E42CF9EFA3006549FC /* Products */;
			projectDirPath = "";
			projectRoot = "";
			targets = (
				E47C59E22CF9EFA3006549FC /* Traveller */,
			);
		};
/* End PBXProject section */

/* Begin PBXResourcesBuildPhase section */
		E47C59E12CF9EFA3006549FC /* Resources */ = {
			isa = PBXResourcesBuildPhase;
			buildActionMask = 2147483647;
			files = (
				E47C59FA2CF9F074006549FC /* Preview Assets.xcassets in Resources */,
				E47C59FB2CF9F074006549FC /* Assets.xcassets in Resources */,
			);
			runOnlyForDeploymentPostprocessing = 0;
		};
/* End PBXResourcesBuildPhase section */

/* Begin PBXSourcesBuildPhase section */
		E47C59DF2CF9EFA3006549FC /* Sources */ = {
			isa = PBXSourcesBuildPhase;
			buildActionMask = 2147483647;
			files = (
				E4A5E65D2CFAD536006F7AC8 /* LocationService.swift in Sources */,
				E4A5E65A2CFAD4F3006F7AC8 /* LocationRepository.swift in Sources */,
				E47C59FD2CF9F074006549FC /* TravellerApp.swift in Sources */,
				E47C59FF2CF9F094006549FC /* LandingPage.swift in Sources */,
				E47C5A012CF9F0B7006549FC /* User.swift in Sources */,
				E47C5A072CF9F153006549FC /* LoginPage.swift in Sources */,
				E47C5A052CF9F145006549FC /* MainPage.swift in Sources */,
			);
			runOnlyForDeploymentPostprocessing = 0;
		};
/* End PBXSourcesBuildPhase section */

/* Begin XCBuildConfiguration section */
		E47C59EF2CF9EFA4006549FC /* Debug */ = {
			isa = XCBuildConfiguration;
			buildSettings = {
				ALWAYS_SEARCH_USER_PATHS = NO;
				ASSETCATALOG_COMPILER_GENERATE_SWIFT_ASSET_SYMBOL_EXTENSIONS = YES;
				CLANG_ANALYZER_NONNULL = YES;
				CLANG_ANALYZER_NUMBER_OBJECT_CONVERSION = YES_AGGRESSIVE;
				CLANG_CXX_LANGUAGE_STANDARD = "gnu++20";
				CLANG_ENABLE_MODULES = YES;
				CLANG_ENABLE_OBJC_ARC = YES;
				CLANG_ENABLE_OBJC_WEAK = YES;
				CLANG_WARN_BLOCK_CAPTURE_AUTORELEASING = YES;
				CLANG_WARN_BOOL_CONVERSION = YES;
				CLANG_WARN_COMMA = YES;
				CLANG_WARN_CONSTANT_CONVERSION = YES;
				CLANG_WARN_DEPRECATED_OBJC_IMPLEMENTATIONS = YES;
				CLANG_WARN_DIRECT_OBJC_ISA_USAGE = YES_ERROR;
				CLANG_WARN_DOCUMENTATION_COMMENTS = YES;
				CLANG_WARN_EMPTY_BODY = YES;
				CLANG_WARN_ENUM_CONVERSION = YES;
				CLANG_WARN_INFINITE_RECURSION = YES;
				CLANG_WARN_INT_CONVERSION = YES;
				CLANG_WARN_NON_LITERAL_NULL_CONVERSION = YES;
				CLANG_WARN_OBJC_IMPLICIT_RETAIN_SELF = YES;
				CLANG_WARN_OBJC_LITERAL_CONVERSION = YES;
				CLANG_WARN_OBJC_ROOT_CLASS = YES_ERROR;
				CLANG_WARN_QUOTED_INCLUDE_IN_FRAMEWORK_HEADER = YES;
				CLANG_WARN_RANGE_LOOP_ANALYSIS = YES;
				CLANG_WARN_STRICT_PROTOTYPES = YES;
				CLANG_WARN_SUSPICIOUS_MOVE = YES;
				CLANG_WARN_UNGUARDED_AVAILABILITY = YES_AGGRESSIVE;
				CLANG_WARN_UNREACHABLE_CODE = YES;
				CLANG_WARN__DUPLICATE_METHOD_MATCH = YES;
				COPY_PHASE_STRIP = NO;
				DEBUG_INFORMATION_FORMAT = dwarf;
				ENABLE_STRICT_OBJC_MSGSEND = YES;
				ENABLE_TESTABILITY = YES;
				ENABLE_USER_SCRIPT_SANDBOXING = YES;
				GCC_C_LANGUAGE_STANDARD = gnu17;
				GCC_DYNAMIC_NO_PIC = NO;
				GCC_NO_COMMON_BLOCKS = YES;
				GCC_OPTIMIZATION_LEVEL = 0;
				GCC_PREPROCESSOR_DEFINITIONS = (
					"DEBUG=1",
					"$(inherited)",
				);
				GCC_WARN_64_TO_32_BIT_CONVERSION = YES;
				GCC_WARN_ABOUT_RETURN_TYPE = YES_ERROR;
				GCC_WARN_UNDECLARED_SELECTOR = YES;
				GCC_WARN_UNINITIALIZED_AUTOS = YES_AGGRESSIVE;
				GCC_WARN_UNUSED_FUNCTION = YES;
				GCC_WARN_UNUSED_VARIABLE = YES;
				IPHONEOS_DEPLOYMENT_TARGET = 18.1;
				LOCALIZATION_PREFERS_STRING_CATALOGS = YES;
				MTL_ENABLE_DEBUG_INFO = INCLUDE_SOURCE;
				MTL_FAST_MATH = YES;
				ONLY_ACTIVE_ARCH = YES;
				SDKROOT = iphoneos;
				SWIFT_ACTIVE_COMPILATION_CONDITIONS = "DEBUG $(inherited)";
				SWIFT_OPTIMIZATION_LEVEL = "-Onone";
			};
			name = Debug;
		};
		E47C59F02CF9EFA4006549FC /* Release */ = {
			isa = XCBuildConfiguration;
			buildSettings = {
				ALWAYS_SEARCH_USER_PATHS = NO;
				ASSETCATALOG_COMPILER_GENERATE_SWIFT_ASSET_SYMBOL_EXTENSIONS = YES;
				CLANG_ANALYZER_NONNULL = YES;
				CLANG_ANALYZER_NUMBER_OBJECT_CONVERSION = YES_AGGRESSIVE;
				CLANG_CXX_LANGUAGE_STANDARD = "gnu++20";
				CLANG_ENABLE_MODULES = YES;
				CLANG_ENABLE_OBJC_ARC = YES;
				CLANG_ENABLE_OBJC_WEAK = YES;
				CLANG_WARN_BLOCK_CAPTURE_AUTORELEASING = YES;
				CLANG_WARN_BOOL_CONVERSION = YES;
				CLANG_WARN_COMMA = YES;
				CLANG_WARN_CONSTANT_CONVERSION = YES;
				CLANG_WARN_DEPRECATED_OBJC_IMPLEMENTATIONS = YES;
				CLANG_WARN_DIRECT_OBJC_ISA_USAGE = YES_ERROR;
				CLANG_WARN_DOCUMENTATION_COMMENTS = YES;
				CLANG_WARN_EMPTY_BODY = YES;
				CLANG_WARN_ENUM_CONVERSION = YES;
				CLANG_WARN_INFINITE_RECURSION = YES;
				CLANG_WARN_INT_CONVERSION = YES;
				CLANG_WARN_NON_LITERAL_NULL_CONVERSION = YES;
				CLANG_WARN_OBJC_IMPLICIT_RETAIN_SELF = YES;
				CLANG_WARN_OBJC_LITERAL_CONVERSION = YES;
				CLANG_WARN_OBJC_ROOT_CLASS = YES_ERROR;
				CLANG_WARN_QUOTED_INCLUDE_IN_FRAMEWORK_HEADER = YES;
				CLANG_WARN_RANGE_LOOP_ANALYSIS = YES;
				CLANG_WARN_STRICT_PROTOTYPES = YES;
				CLANG_WARN_SUSPICIOUS_MOVE = YES;
				CLANG_WARN_UNGUARDED_AVAILABILITY = YES_AGGRESSIVE;
				CLANG_WARN_UNREACHABLE_CODE = YES;
				CLANG_WARN__DUPLICATE_METHOD_MATCH = YES;
				COPY_PHASE_STRIP = NO;
				DEBUG_INFORMATION_FORMAT = "dwarf-with-dsym";
				ENABLE_NS_ASSERTIONS = NO;
				ENABLE_STRICT_OBJC_MSGSEND = YES;
				ENABLE_USER_SCRIPT_SANDBOXING = YES;
				GCC_C_LANGUAGE_STANDARD = gnu17;
				GCC_NO_COMMON_BLOCKS = YES;
				GCC_WARN_64_TO_32_BIT_CONVERSION = YES;
				GCC_WARN_ABOUT_RETURN_TYPE = YES_ERROR;
				GCC_WARN_UNDECLARED_SELECTOR = YES;
				GCC_WARN_UNINITIALIZED_AUTOS = YES_AGGRESSIVE;
				GCC_WARN_UNUSED_FUNCTION = YES;
				GCC_WARN_UNUSED_VARIABLE = YES;
				IPHONEOS_DEPLOYMENT_TARGET = 18.1;
				LOCALIZATION_PREFERS_STRING_CATALOGS = YES;
				MTL_ENABLE_DEBUG_INFO = NO;
				MTL_FAST_MATH = YES;
				SDKROOT = iphoneos;
				SWIFT_COMPILATION_MODE = wholemodule;
				VALIDATE_PRODUCT = YES;
			};
			name = Release;
		};
		E47C59F22CF9EFA4006549FC /* Debug */ = {
			isa = XCBuildConfiguration;
			buildSettings = {
				ASSETCATALOG_COMPILER_APPICON_NAME = AppIcon;
				ASSETCATALOG_COMPILER_GLOBAL_ACCENT_COLOR_NAME = AccentColor;
				CODE_SIGN_STYLE = Automatic;
				CURRENT_PROJECT_VERSION = 2024001;
				DEVELOPMENT_ASSET_PATHS = "\"Traveller/Preview Content\"";
				DEVELOPMENT_TEAM = 2U974MU9D9;
				ENABLE_PREVIEWS = YES;
				GENERATE_INFOPLIST_FILE = YES;
				INFOPLIST_FILE = Traveller/Info.plist;
				INFOPLIST_KEY_CFBundleDisplayName = "行者";
				INFOPLIST_KEY_LSApplicationCategoryType = "";
				INFOPLIST_KEY_NSLocationAlwaysAndWhenInUseUsageDescription = "「行者」需要您的定位授权，才能记录导航路线。";
				INFOPLIST_KEY_NSLocationUsageDescription = "「行者」需要您的定位授权，才能记录导航路线。";
				INFOPLIST_KEY_NSLocationWhenInUseUsageDescription = "「行者」需要您的定位授权，才能记录导航路线。";
				INFOPLIST_KEY_UIApplicationSceneManifest_Generation = YES;
				INFOPLIST_KEY_UIApplicationSupportsIndirectInputEvents = YES;
				INFOPLIST_KEY_UILaunchScreen_Generation = YES;
				INFOPLIST_KEY_UISupportedInterfaceOrientations = UIInterfaceOrientationPortrait;
				INFOPLIST_KEY_UISupportedInterfaceOrientations_iPad = "UIInterfaceOrientationLandscapeLeft UIInterfaceOrientationLandscapeRight UIInterfaceOrientationPortrait UIInterfaceOrientationPortraitUpsideDown";
				IPHONEOS_DEPLOYMENT_TARGET = 17.6;
				LD_RUNPATH_SEARCH_PATHS = (
					"$(inherited)",
					"@executable_path/Frameworks",
				);
				MARKETING_VERSION = 0.0.1;
				PRODUCT_BUNDLE_IDENTIFIER = in.mille.Traveller;
				PRODUCT_NAME = "$(TARGET_NAME)";
				SUPPORTED_PLATFORMS = "iphoneos iphonesimulator";
				SUPPORTS_MACCATALYST = NO;
				SUPPORTS_MAC_DESIGNED_FOR_IPHONE_IPAD = NO;
				SUPPORTS_XR_DESIGNED_FOR_IPHONE_IPAD = NO;
				SWIFT_EMIT_LOC_STRINGS = YES;
				SWIFT_VERSION = 5.0;
				TARGETED_DEVICE_FAMILY = 1;
			};
			name = Debug;
		};
		E47C59F32CF9EFA4006549FC /* Release */ = {
			isa = XCBuildConfiguration;
			buildSettings = {
				ASSETCATALOG_COMPILER_APPICON_NAME = AppIcon;
				ASSETCATALOG_COMPILER_GLOBAL_ACCENT_COLOR_NAME = AccentColor;
				CODE_SIGN_STYLE = Automatic;
				CURRENT_PROJECT_VERSION = 2024001;
				DEVELOPMENT_ASSET_PATHS = "\"Traveller/Preview Content\"";
				DEVELOPMENT_TEAM = 2U974MU9D9;
				ENABLE_PREVIEWS = YES;
				GENERATE_INFOPLIST_FILE = YES;
				INFOPLIST_FILE = Traveller/Info.plist;
				INFOPLIST_KEY_CFBundleDisplayName = "行者";
				INFOPLIST_KEY_LSApplicationCategoryType = "";
				INFOPLIST_KEY_NSLocationAlwaysAndWhenInUseUsageDescription = "「行者」需要您的定位授权，才能记录导航路线。";
				INFOPLIST_KEY_NSLocationUsageDescription = "「行者」需要您的定位授权，才能记录导航路线。";
				INFOPLIST_KEY_NSLocationWhenInUseUsageDescription = "「行者」需要您的定位授权，才能记录导航路线。";
				INFOPLIST_KEY_UIApplicationSceneManifest_Generation = YES;
				INFOPLIST_KEY_UIApplicationSupportsIndirectInputEvents = YES;
				INFOPLIST_KEY_UILaunchScreen_Generation = YES;
				INFOPLIST_KEY_UISupportedInterfaceOrientations = UIInterfaceOrientationPortrait;
				INFOPLIST_KEY_UISupportedInterfaceOrientations_iPad = "UIInterfaceOrientationLandscapeLeft UIInterfaceOrientationLandscapeRight UIInterfaceOrientationPortrait UIInterfaceOrientationPortraitUpsideDown";
				IPHONEOS_DEPLOYMENT_TARGET = 17.6;
				LD_RUNPATH_SEARCH_PATHS = (
					"$(inherited)",
					"@executable_path/Frameworks",
				);
				MARKETING_VERSION = 0.0.1;
				PRODUCT_BUNDLE_IDENTIFIER = in.mille.Traveller;
				PRODUCT_NAME = "$(TARGET_NAME)";
				SUPPORTED_PLATFORMS = "iphoneos iphonesimulator";
				SUPPORTS_MACCATALYST = NO;
				SUPPORTS_MAC_DESIGNED_FOR_IPHONE_IPAD = NO;
				SUPPORTS_XR_DESIGNED_FOR_IPHONE_IPAD = NO;
				SWIFT_EMIT_LOC_STRINGS = YES;
				SWIFT_VERSION = 5.0;
				TARGETED_DEVICE_FAMILY = 1;
			};
			name = Release;
		};
/* End XCBuildConfiguration section */

/* Begin XCConfigurationList section */
		E47C59DE2CF9EFA3006549FC /* Build configuration list for PBXProject "Traveller" */ = {
			isa = XCConfigurationList;
			buildConfigurations = (
				E47C59EF2CF9EFA4006549FC /* Debug */,
				E47C59F02CF9EFA4006549FC /* Release */,
			);
			defaultConfigurationIsVisible = 0;
			defaultConfigurationName = Release;
		};
		E47C59F12CF9EFA4006549FC /* Build configuration list for PBXNativeTarget "Traveller" */ = {
			isa = XCConfigurationList;
			buildConfigurations = (
				E47C59F22CF9EFA4006549FC /* Debug */,
				E47C59F32CF9EFA4006549FC /* Release */,
			);
			defaultConfigurationIsVisible = 0;
			defaultConfigurationName = Release;
		};
/* End XCConfigurationList section */
	};
	rootObject = E47C59DB2CF9EFA3006549FC /* Project object */;
}
