{
  "originHash" : "dfcb19b1576bed1bbdda8426e6d35f5fe67ee5d96ba0878a45b80a7cb8d28687",
  "pins" : [
    {
      "identity" : "navigationkit",
      "kind" : "remoteSourceControl",
      "location" : "https://github.com/milleyin/NavigationKit.git",
      "state" : {
        "branch" : "Dev",
        "revision" : "a2a1a1b4faf0ac8392bc3904852a7b7e9b72da1b"
      }
    }
  ],
  "version" : 3
}
